
Microsoft Visual Studio Solution File, Format Version 12.00
# Visual Studio Version 17
VisualStudioVersion = 17.2.32602.215
MinimumVisualStudioVersion = 10.0.40219.1
Project("{2150E333-8FDC-42A3-9474-1A3956D46DE8}") = "Tests", "Tests", "{BBB0DC7D-E284-4BD2-9FEC-8CC211A8B60E}"
EndProject
Project("{FAE04EC0-301F-11D3-BF4B-00C04F79EFBC}") = "Webhooks.Service.Models", "Webhooks.Service.Models\Webhooks.Service.Models.csproj", "{EE62EB2A-1FB0-4ECB-9E50-CB90CE762E55}"
EndProject
Project("{FAE04EC0-301F-11D3-BF4B-00C04F79EFBC}") = "Webhooks.Service.Services", "Webhooks.Service.Services\Webhooks.Service.Services.csproj", "{4223C1D0-1E49-4510-8C25-A7F8529A7254}"
EndProject
Project("{2150E333-8FDC-42A3-9474-1A3956D46DE8}") = "BDDTests", "BDDTests", "{33ABF106-0C23-4F00-9AE8-850DE7EF83D0}"
EndProject
Project("{2150E333-8FDC-42A3-9474-1A3956D46DE8}") = "IntegrationTests", "IntegrationTests", "{F7E55E8C-3F5A-40F5-980C-63EB2752E0F7}"
EndProject
Project("{2150E333-8FDC-42A3-9474-1A3956D46DE8}") = "UnitTests", "UnitTests", "{D6F8FA6B-A0E2-42E5-95EB-CC2B31EAFAE9}"
EndProject
Project("{FAE04EC0-301F-11D3-BF4B-00C04F79EFBC}") = "Webhooks.Service.DataAccess", "Webhooks.Service.DataAccess\Webhooks.Service.DataAccess.csproj", "{E567E462-B90C-469B-9059-843CF7A3833E}"
EndProject
Project("{FAE04EC0-301F-11D3-BF4B-00C04F79EFBC}") = "Webhooks.Service.DataAccess.Models", "Webhooks.Service.DataAccess.Models\Webhooks.Service.DataAccess.Models.csproj", "{D326E79F-E264-431F-81D4-320569F805E5}"
EndProject
Project("{FAE04EC0-301F-11D3-BF4B-00C04F79EFBC}") = "Webhooks.Service.Infrastructure", "Webhooks.Service.Infrastructure\Webhooks.Service.Infrastructure.csproj", "{9510E37F-0F6C-4106-A1C4-EE61268DE5E2}"
EndProject
Project("{FAE04EC0-301F-11D3-BF4B-00C04F79EFBC}") = "Webhooks.Service.Api.BDD.Tests", "Webhooks.Service.Api.BDD.Tests\Webhooks.Service.Api.BDD.Tests.csproj", "{BF92A6F3-7447-4E14-94E8-DC852A455168}"
EndProject
Project("{FAE04EC0-301F-11D3-BF4B-00C04F79EFBC}") = "Webhooks.Service.Api.IntegrationTests", "Webhooks.Service.Api.IntegrationTests\Webhooks.Service.Api.IntegrationTests.csproj", "{835C550C-4932-4EC2-BE6E-BB5CEE86ED4B}"
EndProject
Project("{FAE04EC0-301F-11D3-BF4B-00C04F79EFBC}") = "Webhooks.Service.Api.UnitTests", "Webhooks.Service.Api.UnitTests\Webhooks.Service.Api.UnitTests.csproj", "{3CE8A026-BF1A-402F-8793-B73B329F695C}"
EndProject
Project("{FAE04EC0-301F-11D3-BF4B-00C04F79EFBC}") = "Webhooks.Service.Services.UnitTests", "Webhooks.Service.Services.UnitTests\Webhooks.Service.Services.UnitTests.csproj", "{8D6750AF-8D6A-4BD6-9FCE-8557D613D48A}"
EndProject
Project("{FAE04EC0-301F-11D3-BF4B-00C04F79EFBC}") = "Webhooks.Service.DataAccess.UnitTests", "Webhooks.Service.DataAccess.UnitTests\Webhooks.Service.DataAccess.UnitTests.csproj", "{6D2F8BEE-7F07-46DC-9252-5F36DA80625F}"
EndProject
Project("{9A19103F-16F7-4668-BE54-9A1E7A4F7556}") = "Webhooks.Service.Api.Host", "Webhooks.Service.Api.Host\Webhooks.Service.Api.Host.csproj", "{8CDDABE4-ED61-4343-92D0-6FCF9A4B67F5}"
EndProject
Global
	GlobalSection(SolutionConfigurationPlatforms) = preSolution
		Debug|Any CPU = Debug|Any CPU
		Release|Any CPU = Release|Any CPU
	EndGlobalSection
	GlobalSection(ProjectConfigurationPlatforms) = postSolution
		{EE62EB2A-1FB0-4ECB-9E50-CB90CE762E55}.Debug|Any CPU.ActiveCfg = Debug|Any CPU
		{EE62EB2A-1FB0-4ECB-9E50-CB90CE762E55}.Debug|Any CPU.Build.0 = Debug|Any CPU
		{EE62EB2A-1FB0-4ECB-9E50-CB90CE762E55}.Release|Any CPU.ActiveCfg = Release|Any CPU
		{EE62EB2A-1FB0-4ECB-9E50-CB90CE762E55}.Release|Any CPU.Build.0 = Release|Any CPU
		{4223C1D0-1E49-4510-8C25-A7F8529A7254}.Debug|Any CPU.ActiveCfg = Debug|Any CPU
		{4223C1D0-1E49-4510-8C25-A7F8529A7254}.Debug|Any CPU.Build.0 = Debug|Any CPU
		{4223C1D0-1E49-4510-8C25-A7F8529A7254}.Release|Any CPU.ActiveCfg = Release|Any CPU
		{4223C1D0-1E49-4510-8C25-A7F8529A7254}.Release|Any CPU.Build.0 = Release|Any CPU
		{E567E462-B90C-469B-9059-843CF7A3833E}.Debug|Any CPU.ActiveCfg = Debug|Any CPU
		{E567E462-B90C-469B-9059-843CF7A3833E}.Debug|Any CPU.Build.0 = Debug|Any CPU
		{E567E462-B90C-469B-9059-843CF7A3833E}.Release|Any CPU.ActiveCfg = Release|Any CPU
		{E567E462-B90C-469B-9059-843CF7A3833E}.Release|Any CPU.Build.0 = Release|Any CPU
		{D326E79F-E264-431F-81D4-320569F805E5}.Debug|Any CPU.ActiveCfg = Debug|Any CPU
		{D326E79F-E264-431F-81D4-320569F805E5}.Debug|Any CPU.Build.0 = Debug|Any CPU
		{D326E79F-E264-431F-81D4-320569F805E5}.Release|Any CPU.ActiveCfg = Release|Any CPU
		{D326E79F-E264-431F-81D4-320569F805E5}.Release|Any CPU.Build.0 = Release|Any CPU
		{9510E37F-0F6C-4106-A1C4-EE61268DE5E2}.Debug|Any CPU.ActiveCfg = Debug|Any CPU
		{9510E37F-0F6C-4106-A1C4-EE61268DE5E2}.Debug|Any CPU.Build.0 = Debug|Any CPU
		{9510E37F-0F6C-4106-A1C4-EE61268DE5E2}.Release|Any CPU.ActiveCfg = Release|Any CPU
		{9510E37F-0F6C-4106-A1C4-EE61268DE5E2}.Release|Any CPU.Build.0 = Release|Any CPU
		{BF92A6F3-7447-4E14-94E8-DC852A455168}.Debug|Any CPU.ActiveCfg = Debug|Any CPU
		{BF92A6F3-7447-4E14-94E8-DC852A455168}.Debug|Any CPU.Build.0 = Debug|Any CPU
		{BF92A6F3-7447-4E14-94E8-DC852A455168}.Release|Any CPU.ActiveCfg = Release|Any CPU
		{BF92A6F3-7447-4E14-94E8-DC852A455168}.Release|Any CPU.Build.0 = Release|Any CPU
		{835C550C-4932-4EC2-BE6E-BB5CEE86ED4B}.Debug|Any CPU.ActiveCfg = Debug|Any CPU
		{835C550C-4932-4EC2-BE6E-BB5CEE86ED4B}.Debug|Any CPU.Build.0 = Debug|Any CPU
		{835C550C-4932-4EC2-BE6E-BB5CEE86ED4B}.Release|Any CPU.ActiveCfg = Release|Any CPU
		{835C550C-4932-4EC2-BE6E-BB5CEE86ED4B}.Release|Any CPU.Build.0 = Release|Any CPU
		{3CE8A026-BF1A-402F-8793-B73B329F695C}.Debug|Any CPU.ActiveCfg = Debug|Any CPU
		{3CE8A026-BF1A-402F-8793-B73B329F695C}.Debug|Any CPU.Build.0 = Debug|Any CPU
		{3CE8A026-BF1A-402F-8793-B73B329F695C}.Release|Any CPU.ActiveCfg = Release|Any CPU
		{3CE8A026-BF1A-402F-8793-B73B329F695C}.Release|Any CPU.Build.0 = Release|Any CPU
		{8D6750AF-8D6A-4BD6-9FCE-8557D613D48A}.Debug|Any CPU.ActiveCfg = Debug|Any CPU
		{8D6750AF-8D6A-4BD6-9FCE-8557D613D48A}.Debug|Any CPU.Build.0 = Debug|Any CPU
		{8D6750AF-8D6A-4BD6-9FCE-8557D613D48A}.Release|Any CPU.ActiveCfg = Release|Any CPU
		{8D6750AF-8D6A-4BD6-9FCE-8557D613D48A}.Release|Any CPU.Build.0 = Release|Any CPU
		{6D2F8BEE-7F07-46DC-9252-5F36DA80625F}.Debug|Any CPU.ActiveCfg = Debug|Any CPU
		{6D2F8BEE-7F07-46DC-9252-5F36DA80625F}.Debug|Any CPU.Build.0 = Debug|Any CPU
		{6D2F8BEE-7F07-46DC-9252-5F36DA80625F}.Release|Any CPU.ActiveCfg = Release|Any CPU
		{6D2F8BEE-7F07-46DC-9252-5F36DA80625F}.Release|Any CPU.Build.0 = Release|Any CPU
		{8CDDABE4-ED61-4343-92D0-6FCF9A4B67F5}.Debug|Any CPU.ActiveCfg = Debug|Any CPU
		{8CDDABE4-ED61-4343-92D0-6FCF9A4B67F5}.Debug|Any CPU.Build.0 = Debug|Any CPU
		{8CDDABE4-ED61-4343-92D0-6FCF9A4B67F5}.Release|Any CPU.ActiveCfg = Release|Any CPU
		{8CDDABE4-ED61-4343-92D0-6FCF9A4B67F5}.Release|Any CPU.Build.0 = Release|Any CPU
	EndGlobalSection
	GlobalSection(SolutionProperties) = preSolution
		HideSolutionNode = FALSE
	EndGlobalSection
	GlobalSection(NestedProjects) = preSolution
		{33ABF106-0C23-4F00-9AE8-850DE7EF83D0} = {BBB0DC7D-E284-4BD2-9FEC-8CC211A8B60E}
		{F7E55E8C-3F5A-40F5-980C-63EB2752E0F7} = {BBB0DC7D-E284-4BD2-9FEC-8CC211A8B60E}
		{D6F8FA6B-A0E2-42E5-95EB-CC2B31EAFAE9} = {BBB0DC7D-E284-4BD2-9FEC-8CC211A8B60E}
		{BF92A6F3-7447-4E14-94E8-DC852A455168} = {33ABF106-0C23-4F00-9AE8-850DE7EF83D0}
		{835C550C-4932-4EC2-BE6E-BB5CEE86ED4B} = {F7E55E8C-3F5A-40F5-980C-63EB2752E0F7}
		{3CE8A026-BF1A-402F-8793-B73B329F695C} = {D6F8FA6B-A0E2-42E5-95EB-CC2B31EAFAE9}
		{8D6750AF-8D6A-4BD6-9FCE-8557D613D48A} = {D6F8FA6B-A0E2-42E5-95EB-CC2B31EAFAE9}
		{6D2F8BEE-7F07-46DC-9252-5F36DA80625F} = {D6F8FA6B-A0E2-42E5-95EB-CC2B31EAFAE9}
	EndGlobalSection
	GlobalSection(ExtensibilityGlobals) = postSolution
		SolutionGuid = {CCA24088-9210-4B60-8816-D5DBBDB517D3}
	EndGlobalSection
EndGlobal
